Microsoft Visual Studio Solution File, Format Version 12.00
# Visual Studio 15
VisualStudioVersion = 15.0.28307.572
MinimumVisualStudioVersion = 10.0.40219.1
Project("{FAE04EC0-301F-11D3-BF4B-00C04F79EFBC}") = "GruposUnedBot", "GruposUnedBot\GruposUnedBot.csproj", "{2E93442C-8A40-43BE-9AFC-417F2E049E40}"
EndProject
Global
	GlobalSection(SolutionConfigurationPlatforms) = preSolution
		Debug|Any CPU = Debug|Any CPU
		Release|Any CPU = Release|Any CPU
	EndGlobalSection
	GlobalSection(ProjectConfigurationPlatforms) = postSolution
		{2E93442C-8A40-43BE-9AFC-417F2E049E40}.Debug|Any CPU.ActiveCfg = Debug|Any CPU
		{2E93442C-8A40-43BE-9AFC-417F2E049E40}.Debug|Any CPU.Build.0 = Debug|Any CPU
		{2E93442C-8A40-43BE-9AFC-417F2E049E40}.Release|Any CPU.ActiveCfg = Release|Any CPU
		{2E93442C-8A40-43BE-9AFC-417F2E049E40}.Release|Any CPU.Build.0 = Release|Any CPU
	EndGlobalSection
	GlobalSection(SolutionProperties) = preSolution
		HideSolutionNode = FALSE
	EndGlobalSection
	GlobalSection(ExtensibilityGlobals) = postSolution
		SolutionGuid = {D63A8928-DDA8-49CF-B073-252EB00781F8}
	EndGlobalSection
EndGlobal
